PODS:
  - SnapKit (4.0.0)
  - XCEFunctionalState (3.2.0)
  - XCEOperationFlow (4.1.3)
  - XCERequirement (1.6.0)
  - XCEUniFlow (4.10.0):
    - XCERequirement (~> 1.6)

DEPENDENCIES:
  - SnapKit (~> 4.0.0)
  - XCEFunctionalState (~> 3.2.0)
  - XCEOperationFlow (~> 4.1.0)
  - XCEUniFlow (~> 4.10.0)

SPEC CHECKSUMS:
  SnapKit: a42d492c16e80209130a3379f73596c3454b7694
  XCEFunctionalState: e58302bcf22955ffac10096354c6d5f449a4d818
  XCEOperationFlow: 81bd8c017d2cea62624327ee1dd01aaf774cd8cb
  XCERequirement: 4dbe5a3e19b4784dc3c6943ec9b929e7f7dd7ff5
  XCEUniFlow: af2ff390548baaf617f72fabcee2b1871e4b5442

PODFILE CHECKSUM: 47c7d7ca192d9ae5e59109a8e466065712ff6f9d

COCOAPODS: 1.4.0
