// !$*UTF8*$!
{
	archiveVersion = 1;
	classes = {
	};
	objectVersion = 46;
	objects = {

/* Begin PBXBuildFile section */
		3B4F7668FA7EF16A50187AFC /* Pods_Fwk.framework in Frameworks */ = {isa = PBXBuildFile; fileRef = 66B94A2425866CB41C7C671F /* Pods_Fwk.framework */; };
		949B4DCB2030BE5600075451 /* NestedType.swift in Sources */ = {isa = PBXBuildFile; fileRef = 949B4DCA2030BE5600075451 /* NestedType.swift */; };
		94A20A63204D8A0B002253EF /* CustomViewController.swift in Sources */ = {isa = PBXBuildFile; fileRef = 94A20A62204D8A0B002253EF /* CustomViewController.swift */; };
		94A20A65204D8A30002253EF /* CustomViewController+UIKit.swift in Sources */ = {isa = PBXBuildFile; fileRef = 94A20A64204D8A30002253EF /* CustomViewController+UIKit.swift */; };
		94B9665D209C410800A0419A /* Proxy.swift in Sources */ = {isa = PBXBuildFile; fileRef = 94B9665C209C410800A0419A /* Proxy.swift */; };
		94B9665F209C412500A0419A /* OptionalHelpers.swift in Sources */ = {isa = PBXBuildFile; fileRef = 94B9665E209C412500A0419A /* OptionalHelpers.swift */; };
		94B96661209C412E00A0419A /* BoolHelpers.swift in Sources */ = {isa = PBXBuildFile; fileRef = 94B96660209C412E00A0419A /* BoolHelpers.swift */; };
		94B96663209C413B00A0419A /* InlineConfigurable.swift in Sources */ = {isa = PBXBuildFile; fileRef = 94B96662209C413B00A0419A /* InlineConfigurable.swift */; };
		94B96665209C414D00A0419A /* Must.swift in Sources */ = {isa = PBXBuildFile; fileRef = 94B96664209C414D00A0419A /* Must.swift */; };
		94B96667209C415A00A0419A /* MapRawRepresentable.swift in Sources */ = {isa = PBXBuildFile; fileRef = 94B96666209C415A00A0419A /* MapRawRepresentable.swift */; };
		94B96669209C417800A0419A /* BetterChaining.swift in Sources */ = {isa = PBXBuildFile; fileRef = 94B96668209C417800A0419A /* BetterChaining.swift */; };
		94B9666B209C425D00A0419A /* Utils.swift in Sources */ = {isa = PBXBuildFile; fileRef = 94B9666A209C425D00A0419A /* Utils.swift */; };
		94B9666D209C5A5700A0419A /* UIBarButtonItem+Helpers.swift in Sources */ = {isa = PBXBuildFile; fileRef = 94B9666C209C5A5700A0419A /* UIBarButtonItem+Helpers.swift */; };
		94F2BE45209CE5BF00215759 /* ViewPort.swift in Sources */ = {isa = PBXBuildFile; fileRef = 94F2BE43209CE5BF00215759 /* ViewPort.swift */; };
		94F2BE46209CE5BF00215759 /* ContainerView.swift in Sources */ = {isa = PBXBuildFile; fileRef = 94F2BE44209CE5BF00215759 /* ContainerView.swift */; };
		94F2BE48209DB92200215759 /* BaseCell.swift in Sources */ = {isa = PBXBuildFile; fileRef = 94F2BE47209DB92200215759 /* BaseCell.swift */; };
		94F2BE4C209DBF6C00215759 /* OnePixel.swift in Sources */ = {isa = PBXBuildFile; fileRef = 94F2BE4B209DBF6C00215759 /* OnePixel.swift */; };
		94F2BE50209DC2B100215759 /* Utils+DebugStyling.swift in Sources */ = {isa = PBXBuildFile; fileRef = 94F2BE4F209DC2B100215759 /* Utils+DebugStyling.swift */; };
		94F2BE59209DFF9400215759 /* HasNestedTypes.swift in Sources */ = {isa = PBXBuildFile; fileRef = 94F2BE58209DFF9400215759 /* HasNestedTypes.swift */; };
		94F2BE73209E390800215759 /* BaseViewCtr.swift in Sources */ = {isa = PBXBuildFile; fileRef = 94F2BE72209E390800215759 /* BaseViewCtr.swift */; };
		94F2BE79209EE3F500215759 /* VisualComponent.swift in Sources */ = {isa = PBXBuildFile; fileRef = 94F2BE78209EE3F500215759 /* VisualComponent.swift */; };
		94F2BE7F209F3BBE00215759 /* Kingfisher+Helpers.swift in Sources */ = {isa = PBXBuildFile; fileRef = 94F2BE7E209F3BBE00215759 /* Kingfisher+Helpers.swift */; };
		94F2BE81209F3E2F00215759 /* Mortar+Helpers.swift in Sources */ = {isa = PBXBuildFile; fileRef = 94F2BE80209F3E2F00215759 /* Mortar+Helpers.swift */; };
		94F2BE83209F456800215759 /* PromiseKit+Helpers.swift in Sources */ = {isa = PBXBuildFile; fileRef = 94F2BE82209F456800215759 /* PromiseKit+Helpers.swift */; };
		94F2BE85209F465500215759 /* BaseNavCtr.swift in Sources */ = {isa = PBXBuildFile; fileRef = 94F2BE84209F465500215759 /* BaseNavCtr.swift */; };
		94F884C3201FBEAD00B8E2C1 /* AppInitializer.swift in Sources */ = {isa = PBXBuildFile; fileRef = 94F884B6201FBEAD00B8E2C1 /* AppInitializer.swift */; };
		94F884C6201FBEAD00B8E2C1 /* Component.swift in Sources */ = {isa = PBXBuildFile; fileRef = 94F884B9201FBEAD00B8E2C1 /* Component.swift */; };
		94F884C7201FBEAD00B8E2C1 /* WithReferenceToItself.swift in Sources */ = {isa = PBXBuildFile; fileRef = 94F884BA201FBEAD00B8E2C1 /* WithReferenceToItself.swift */; };
		94F884C8201FBEAD00B8E2C1 /* GUIInitializer.swift in Sources */ = {isa = PBXBuildFile; fileRef = 94F884BB201FBEAD00B8E2C1 /* GUIInitializer.swift */; };
		94F884C9201FBEAD00B8E2C1 /* Injectable.swift in Sources */ = {isa = PBXBuildFile; fileRef = 94F884BC201FBEAD00B8E2C1 /* Injectable.swift */; };
		94F884CA201FBEAD00B8E2C1 /* ServiceProvider.swift in Sources */ = {isa = PBXBuildFile; fileRef = 94F884BE201FBEAD00B8E2C1 /* ServiceProvider.swift */; };
		94F884CB201FBEAD00B8E2C1 /* AutoEquatable.swift in Sources */ = {isa = PBXBuildFile; fileRef = 94F884BF201FBEAD00B8E2C1 /* AutoEquatable.swift */; };
		94F884CC201FBEAD00B8E2C1 /* ConcurrentProcess.swift in Sources */ = {isa = PBXBuildFile; fileRef = 94F884C0201FBEAD00B8E2C1 /* ConcurrentProcess.swift */; };
		94F884CD201FBEAD00B8E2C1 /* GUIPage.swift in Sources */ = {isa = PBXBuildFile; fileRef = 94F884C1201FBEAD00B8E2C1 /* GUIPage.swift */; };
		94F884CE201FBEAD00B8E2C1 /* BaseView.swift in Sources */ = {isa = PBXBuildFile; fileRef = 94F884C2201FBEAD00B8E2C1 /* BaseView.swift */; };
		94F884D1201FC59300B8E2C1 /* UIKit.framework in Frameworks */ = {isa = PBXBuildFile; fileRef = 94F884D0201FC59300B8E2C1 /* UIKit.framework */; };
		CD2FB7F667CCC8921706B6A6 /* Foundation.framework in Frameworks */ = {isa = PBXBuildFile; fileRef = C8D4EEB216084F8CFAD89283 /* Foundation.framework */; };
/* End PBXBuildFile section */

/* Begin PBXCopyFilesBuildPhase section */
		C6DB2BC64BB2D8DF6DD9F7CD /* Embed Frameworks */ = {
			isa = PBXCopyFilesBuildPhase;
			buildActionMask = 2147483647;
			dstPath = "";
			dstSubfolderSpec = 10;
			files = (
			);
			name = "Embed Frameworks";
			runOnlyForDeploymentPostprocessing = 0;
		};
/* End PBXCopyFilesBuildPhase section */

/* Begin PBXFileReference section */
		38EEEBFE4C97DCD9DB9E36CD /* XCEToolbox.framework */ = {isa = PBXFileReference; explicitFileType = wrapper.framework; includeInIndex = 0; path = XCEToolbox.framework; sourceTree = BUILT_PRODUCTS_DIR; };
		66B94A2425866CB41C7C671F /* Pods_Fwk.framework */ = {isa = PBXFileReference; explicitFileType = wrapper.framework; includeInIndex = 0; path = Pods_Fwk.framework; sourceTree = BUILT_PRODUCTS_DIR; };
		949B4DCA2030BE5600075451 /* NestedType.swift */ = {isa = PBXFileReference; lastKnownFileType = sourcecode.swift; path = NestedType.swift; sourceTree = "<group>"; };
		94A20A62204D8A0B002253EF /* CustomViewController.swift */ = {isa = PBXFileReference; lastKnownFileType = sourcecode.swift; path = CustomViewController.swift; sourceTree = "<group>"; };
		94A20A64204D8A30002253EF /* CustomViewController+UIKit.swift */ = {isa = PBXFileReference; lastKnownFileType = sourcecode.swift; path = "CustomViewController+UIKit.swift"; sourceTree = "<group>"; };
		94B9665C209C410800A0419A /* Proxy.swift */ = {isa = PBXFileReference; fileEncoding = 4; lastKnownFileType = sourcecode.swift; path = Proxy.swift; sourceTree = "<group>"; };
		94B9665E209C412500A0419A /* OptionalHelpers.swift */ = {isa = PBXFileReference; fileEncoding = 4; lastKnownFileType = sourcecode.swift; path = OptionalHelpers.swift; sourceTree = "<group>"; };
		94B96660209C412E00A0419A /* BoolHelpers.swift */ = {isa = PBXFileReference; fileEncoding = 4; lastKnownFileType = sourcecode.swift; path = BoolHelpers.swift; sourceTree = "<group>"; };
		94B96662209C413B00A0419A /* InlineConfigurable.swift */ = {isa = PBXFileReference; fileEncoding = 4; lastKnownFileType = sourcecode.swift; path = InlineConfigurable.swift; sourceTree = "<group>"; };
		94B96664209C414D00A0419A /* Must.swift */ = {isa = PBXFileReference; fileEncoding = 4; lastKnownFileType = sourcecode.swift; path = Must.swift; sourceTree = "<group>"; };
		94B96666209C415A00A0419A /* MapRawRepresentable.swift */ = {isa = PBXFileReference; fileEncoding = 4; lastKnownFileType = sourcecode.swift; path = MapRawRepresentable.swift; sourceTree = "<group>"; };
		94B96668209C417800A0419A /* BetterChaining.swift */ = {isa = PBXFileReference; fileEncoding = 4; lastKnownFileType = sourcecode.swift; path = BetterChaining.swift; sourceTree = "<group>"; };
		94B9666A209C425D00A0419A /* Utils.swift */ = {isa = PBXFileReference; fileEncoding = 4; lastKnownFileType = sourcecode.swift; path = Utils.swift; sourceTree = "<group>"; };
		94B9666C209C5A5700A0419A /* UIBarButtonItem+Helpers.swift */ = {isa = PBXFileReference; fileEncoding = 4; lastKnownFileType = sourcecode.swift; path = "UIBarButtonItem+Helpers.swift"; sourceTree = "<group>"; };
		94F2BE43209CE5BF00215759 /* ViewPort.swift */ = {isa = PBXFileReference; fileEncoding = 4; lastKnownFileType = sourcecode.swift; path = ViewPort.swift; sourceTree = "<group>"; };
		94F2BE44209CE5BF00215759 /* ContainerView.swift */ = {isa = PBXFileReference; fileEncoding = 4; lastKnownFileType = sourcecode.swift; path = ContainerView.swift; sourceTree = "<group>"; };
		94F2BE47209DB92200215759 /* BaseCell.swift */ = {isa = PBXFileReference; lastKnownFileType = sourcecode.swift; path = BaseCell.swift; sourceTree = "<group>"; };
		94F2BE4B209DBF6C00215759 /* OnePixel.swift */ = {isa = PBXFileReference; fileEncoding = 4; lastKnownFileType = sourcecode.swift; path = OnePixel.swift; sourceTree = "<group>"; };
		94F2BE4F209DC2B100215759 /* Utils+DebugStyling.swift */ = {isa = PBXFileReference; lastKnownFileType = sourcecode.swift; path = "Utils+DebugStyling.swift"; sourceTree = "<group>"; };
		94F2BE58209DFF9400215759 /* HasNestedTypes.swift */ = {isa = PBXFileReference; lastKnownFileType = sourcecode.swift; path = HasNestedTypes.swift; sourceTree = "<group>"; };
		94F2BE72209E390800215759 /* BaseViewCtr.swift */ = {isa = PBXFileReference; fileEncoding = 4; lastKnownFileType = sourcecode.swift; path = BaseViewCtr.swift; sourceTree = "<group>"; };
		94F2BE78209EE3F500215759 /* VisualComponent.swift */ = {isa = PBXFileReference; lastKnownFileType = sourcecode.swift; path = VisualComponent.swift; sourceTree = "<group>"; };
		94F2BE7E209F3BBE00215759 /* Kingfisher+Helpers.swift */ = {isa = PBXFileReference; fileEncoding = 4; lastKnownFileType = sourcecode.swift; path = "Kingfisher+Helpers.swift"; sourceTree = "<group>"; };
		94F2BE80209F3E2F00215759 /* Mortar+Helpers.swift */ = {isa = PBXFileReference; fileEncoding = 4; lastKnownFileType = sourcecode.swift; path = "Mortar+Helpers.swift"; sourceTree = "<group>"; };
		94F2BE82209F456800215759 /* PromiseKit+Helpers.swift */ = {isa = PBXFileReference; fileEncoding = 4; lastKnownFileType = sourcecode.swift; path = "PromiseKit+Helpers.swift"; sourceTree = "<group>"; };
		94F2BE84209F465500215759 /* BaseNavCtr.swift */ = {isa = PBXFileReference; fileEncoding = 4; lastKnownFileType = sourcecode.swift; path = BaseNavCtr.swift; sourceTree = "<group>"; };
		94F884B6201FBEAD00B8E2C1 /* AppInitializer.swift */ = {isa = PBXFileReference; fileEncoding = 4; lastKnownFileType = sourcecode.swift; path = AppInitializer.swift; sourceTree = "<group>"; };
		94F884B9201FBEAD00B8E2C1 /* Component.swift */ = {isa = PBXFileReference; fileEncoding = 4; lastKnownFileType = sourcecode.swift; path = Component.swift; sourceTree = "<group>"; };
		94F884BA201FBEAD00B8E2C1 /* WithReferenceToItself.swift */ = {isa = PBXFileReference; fileEncoding = 4; lastKnownFileType = sourcecode.swift; path = WithReferenceToItself.swift; sourceTree = "<group>"; };
		94F884BB201FBEAD00B8E2C1 /* GUIInitializer.swift */ = {isa = PBXFileReference; fileEncoding = 4; lastKnownFileType = sourcecode.swift; path = GUIInitializer.swift; sourceTree = "<group>"; };
		94F884BC201FBEAD00B8E2C1 /* Injectable.swift */ = {isa = PBXFileReference; fileEncoding = 4; lastKnownFileType = sourcecode.swift; path = Injectable.swift; sourceTree = "<group>"; };
		94F884BE201FBEAD00B8E2C1 /* ServiceProvider.swift */ = {isa = PBXFileReference; fileEncoding = 4; lastKnownFileType = sourcecode.swift; path = ServiceProvider.swift; sourceTree = "<group>"; };
		94F884BF201FBEAD00B8E2C1 /* AutoEquatable.swift */ = {isa = PBXFileReference; fileEncoding = 4; lastKnownFileType = sourcecode.swift; path = AutoEquatable.swift; sourceTree = "<group>"; };
		94F884C0201FBEAD00B8E2C1 /* ConcurrentProcess.swift */ = {isa = PBXFileReference; fileEncoding = 4; lastKnownFileType = sourcecode.swift; path = ConcurrentProcess.swift; sourceTree = "<group>"; };
		94F884C1201FBEAD00B8E2C1 /* GUIPage.swift */ = {isa = PBXFileReference; fileEncoding = 4; lastKnownFileType = sourcecode.swift; path = GUIPage.swift; sourceTree = "<group>"; };
		94F884C2201FBEAD00B8E2C1 /* BaseView.swift */ = {isa = PBXFileReference; fileEncoding = 4; lastKnownFileType = sourcecode.swift; path = BaseView.swift; sourceTree = "<group>"; };
		94F884D0201FC59300B8E2C1 /* UIKit.framework */ = {isa = PBXFileReference; lastKnownFileType = wrapper.framework; name = UIKit.framework; path = Platforms/iPhoneOS.platform/Developer/SDKs/iPhoneOS11.2.sdk/System/Library/Frameworks/UIKit.framework; sourceTree = DEVELOPER_DIR; };
		A1013A816A999A5D4AD842AF /* Pods-Fwk.release.xcconfig */ = {isa = PBXFileReference; includeInIndex = 1; lastKnownFileType = text.xcconfig; name = "Pods-Fwk.release.xcconfig"; path = "Pods/Target Support Files/Pods-Fwk/Pods-Fwk.release.xcconfig"; sourceTree = "<group>"; };
		AF4A12F7B04616070BB1A10D /* Pods-Fwk.debug.xcconfig */ = {isa = PBXFileReference; includeInIndex = 1; lastKnownFileType = text.xcconfig; name = "Pods-Fwk.debug.xcconfig"; path = "Pods/Target Support Files/Pods-Fwk/Pods-Fwk.debug.xcconfig"; sourceTree = "<group>"; };
		C8D4EEB216084F8CFAD89283 /* Foundation.framework */ = {isa = PBXFileReference; lastKnownFileType = wrapper.framework; name = Foundation.framework; path = Platforms/iPhoneOS.platform/Developer/SDKs/iPhoneOS10.3.sdk/System/Library/Frameworks/Foundation.framework; sourceTree = DEVELOPER_DIR; };
/* End PBXFileReference section */

/* Begin PBXFrameworksBuildPhase section */
		6515EC2CC10696C3F62B507A /* Frameworks */ = {
			isa = PBXFrameworksBuildPhase;
			buildActionMask = 2147483647;
			files = (
				CD2FB7F667CCC8921706B6A6 /* Foundation.framework in Frameworks */,
				3B4F7668FA7EF16A50187AFC /* Pods_Fwk.framework in Frameworks */,
				94F884D1201FC59300B8E2C1 /* UIKit.framework in Frameworks */,
			);
			runOnlyForDeploymentPostprocessing = 0;
		};
/* End PBXFrameworksBuildPhase section */

/* Begin PBXGroup section */
		1E319B7A7585EC756E46A59F /* iOS */ = {
			isa = PBXGroup;
			children = (
				C8D4EEB216084F8CFAD89283 /* Foundation.framework */,
			);
			name = iOS;
			sourceTree = "<group>";
		};
		35524CD8DC2B5BDB5178B623 /* Pods */ = {
			isa = PBXGroup;
			children = (
				AF4A12F7B04616070BB1A10D /* Pods-Fwk.debug.xcconfig */,
				A1013A816A999A5D4AD842AF /* Pods-Fwk.release.xcconfig */,
			);
			name = Pods;
			sourceTree = "<group>";
		};
		39824A6E01C209A8BBAFA997 /* Frameworks */ = {
			isa = PBXGroup;
			children = (
				E83922EFD2EF7F1804330459 /* $local */,
				1E319B7A7585EC756E46A59F /* iOS */,
				66B94A2425866CB41C7C671F /* Pods_Fwk.framework */,
				94F884D0201FC59300B8E2C1 /* UIKit.framework */,
			);
			name = Frameworks;
			sourceTree = "<group>";
		};
		94F884B4201FBE7E00B8E2C1 /* Common */ = {
			isa = PBXGroup;
			children = (
				94F884CF201FBF5D00B8E2C1 /* TemplatesSupport */,
				94F884B9201FBEAD00B8E2C1 /* Component.swift */,
				94F884BC201FBEAD00B8E2C1 /* Injectable.swift */,
				94F2BE58209DFF9400215759 /* HasNestedTypes.swift */,
				949B4DCA2030BE5600075451 /* NestedType.swift */,
				94F884BA201FBEAD00B8E2C1 /* WithReferenceToItself.swift */,
				94A20A62204D8A0B002253EF /* CustomViewController.swift */,
				94B9665C209C410800A0419A /* Proxy.swift */,
				94B9665E209C412500A0419A /* OptionalHelpers.swift */,
				94B96660209C412E00A0419A /* BoolHelpers.swift */,
				94B96662209C413B00A0419A /* InlineConfigurable.swift */,
				94B96664209C414D00A0419A /* Must.swift */,
				94B96666209C415A00A0419A /* MapRawRepresentable.swift */,
				94B96668209C417800A0419A /* BetterChaining.swift */,
				94B9666A209C425D00A0419A /* Utils.swift */,
				94F2BE82209F456800215759 /* PromiseKit+Helpers.swift */,
			);
			path = Common;
			sourceTree = "<group>";
		};
		94F884B5201FBEAD00B8E2C1 /* iOS */ = {
			isa = PBXGroup;
			children = (
				94F2BE4B209DBF6C00215759 /* OnePixel.swift */,
				94F884B6201FBEAD00B8E2C1 /* AppInitializer.swift */,
				94F2BE84209F465500215759 /* BaseNavCtr.swift */,
				94F2BE72209E390800215759 /* BaseViewCtr.swift */,
				94F884C2201FBEAD00B8E2C1 /* BaseView.swift */,
				94F2BE47209DB92200215759 /* BaseCell.swift */,
				94F884BB201FBEAD00B8E2C1 /* GUIInitializer.swift */,
				94A20A64204D8A30002253EF /* CustomViewController+UIKit.swift */,
				94B9666C209C5A5700A0419A /* UIBarButtonItem+Helpers.swift */,
				94F2BE44209CE5BF00215759 /* ContainerView.swift */,
				94F2BE43209CE5BF00215759 /* ViewPort.swift */,
				94F2BE4F209DC2B100215759 /* Utils+DebugStyling.swift */,
				94F2BE7E209F3BBE00215759 /* Kingfisher+Helpers.swift */,
				94F2BE80209F3E2F00215759 /* Mortar+Helpers.swift */,
			);
			path = iOS;
			sourceTree = "<group>";
		};
		94F884CF201FBF5D00B8E2C1 /* TemplatesSupport */ = {
			isa = PBXGroup;
			children = (
				94F884BF201FBEAD00B8E2C1 /* AutoEquatable.swift */,
				94F884C0201FBEAD00B8E2C1 /* ConcurrentProcess.swift */,
				94F884C1201FBEAD00B8E2C1 /* GUIPage.swift */,
				94F884BE201FBEAD00B8E2C1 /* ServiceProvider.swift */,
				94F2BE78209EE3F500215759 /* VisualComponent.swift */,
			);
			path = TemplatesSupport;
			sourceTree = "<group>";
		};
		B6E0ACA831A864779B1EBC56 /* Products */ = {
			isa = PBXGroup;
			children = (
				38EEEBFE4C97DCD9DB9E36CD /* XCEToolbox.framework */,
			);
			name = Products;
			sourceTree = "<group>";
		};
		C550F1A8E826434AFEB21D36 = {
			isa = PBXGroup;
			children = (
				39824A6E01C209A8BBAFA997 /* Frameworks */,
				35524CD8DC2B5BDB5178B623 /* Pods */,
				B6E0ACA831A864779B1EBC56 /* Products */,
				E5E937FAC07C7EA60EE8997D /* Sources */,
			);
			sourceTree = "<group>";
		};
		E5E937FAC07C7EA60EE8997D /* Sources */ = {
			isa = PBXGroup;
			children = (
				94F884B4201FBE7E00B8E2C1 /* Common */,
				94F884B5201FBEAD00B8E2C1 /* iOS */,
			);
			path = Sources;
			sourceTree = SOURCE_ROOT;
		};
		E83922EFD2EF7F1804330459 /* $local */ = {
			isa = PBXGroup;
			children = (
			);
			name = $local;
			sourceTree = "<group>";
		};
/* End PBXGroup section */

/* Begin PBXNativeTarget section */
		3438FD1933C6A7491C9ED15E /* Fwk */ = {
			isa = PBXNativeTarget;
			buildConfigurationList = 555724425D9502A3513678F6 /* Build configuration list for PBXNativeTarget "Fwk" */;
			buildPhases = (
				605C8D3534762C28ABB14CBC /* [CP] Check Pods Manifest.lock */,
				B95ABED9A445B642F954FB95 /* SwiftLint */,
				CEFC0CE9EAC1523B4984CEC9 /* Sources */,
				6515EC2CC10696C3F62B507A /* Frameworks */,
				C6DB2BC64BB2D8DF6DD9F7CD /* Embed Frameworks */,
			);
			buildRules = (
			);
			dependencies = (
			);
			name = Fwk;
			productName = Fwk;
			productReference = 38EEEBFE4C97DCD9DB9E36CD /* XCEToolbox.framework */;
			productType = "com.apple.product-type.framework";
		};
/* End PBXNativeTarget section */

/* Begin PBXProject section */
		FDA38A91C134065BA5154A8A /* Project object */ = {
			isa = PBXProject;
			attributes = {
				LastSwiftUpdateCheck = 0830;
				LastUpgradeCheck = 0930;
				Struct.Version = 2.1.0;
				TargetAttributes = {
					3438FD1933C6A7491C9ED15E = {
						LastSwiftMigration = 0920;
					};
				};
			};
			buildConfigurationList = 217328F74A31F997A82F104D /* Build configuration list for PBXProject "Main" */;
			compatibilityVersion = "Xcode 3.2";
			developmentRegion = English;
			hasScannedForEncodings = 0;
			knownRegions = (
				en,
			);
			mainGroup = C550F1A8E826434AFEB21D36;
			productRefGroup = B6E0ACA831A864779B1EBC56 /* Products */;
			projectDirPath = "";
			projectRoot = "";
			targets = (
				3438FD1933C6A7491C9ED15E /* Fwk */,
			);
		};
/* End PBXProject section */

/* Begin PBXShellScriptBuildPhase section */
		605C8D3534762C28ABB14CBC /* [CP] Check Pods Manifest.lock */ = {
			isa = PBXShellScriptBuildPhase;
			buildActionMask = 2147483647;
			files = (
			);
			inputPaths = (
				"${PODS_PODFILE_DIR_PATH}/Podfile.lock",
				"${PODS_ROOT}/Manifest.lock",
			);
			name = "[CP] Check Pods Manifest.lock";
			outputPaths = (
				"$(DERIVED_FILE_DIR)/Pods-Fwk-checkManifestLockResult.txt",
			);
			runOnlyForDeploymentPostprocessing = 0;
			shellPath = /bin/sh;
			shellScript = "diff \"${PODS_PODFILE_DIR_PATH}/Podfile.lock\" \"${PODS_ROOT}/Manifest.lock\" > /dev/null\nif [ $? != 0 ] ; then\n    # print error to STDERR\n    echo \"error: The sandbox is not in sync with the Podfile.lock. Run 'pod install' or update your CocoaPods installation.\" >&2\n    exit 1\nfi\n# This output is used by Xcode 'outputs' to avoid re-running this script phase.\necho \"SUCCESS\" > \"${SCRIPT_OUTPUT_FILE_0}\"\n";
			showEnvVarsInLog = 0;
		};
		B95ABED9A445B642F954FB95 /* SwiftLint */ = {
			isa = PBXShellScriptBuildPhase;
			buildActionMask = 2147483647;
			files = (
			);
			inputPaths = (
			);
			name = SwiftLint;
			outputPaths = (
			);
			runOnlyForDeploymentPostprocessing = 0;
			shellPath = /bin/sh;
			shellScript = "if which swiftlint >/dev/null; then\n    swiftlint\nelse\n    echo \"warning: SwiftLint not installed, download from https://github.com/realm/SwiftLint\"\nfi";
		};
/* End PBXShellScriptBuildPhase section */

/* Begin PBXSourcesBuildPhase section */
		CEFC0CE9EAC1523B4984CEC9 /* Sources */ = {
			isa = PBXSourcesBuildPhase;
			buildActionMask = 2147483647;
			files = (
				94F2BE85209F465500215759 /* BaseNavCtr.swift in Sources */,
				94F884C6201FBEAD00B8E2C1 /* Component.swift in Sources */,
				94F884C3201FBEAD00B8E2C1 /* AppInitializer.swift in Sources */,
				94F2BE81209F3E2F00215759 /* Mortar+Helpers.swift in Sources */,
				94A20A65204D8A30002253EF /* CustomViewController+UIKit.swift in Sources */,
				94F884CB201FBEAD00B8E2C1 /* AutoEquatable.swift in Sources */,
				94A20A63204D8A0B002253EF /* CustomViewController.swift in Sources */,
				94F2BE4C209DBF6C00215759 /* OnePixel.swift in Sources */,
				94B96667209C415A00A0419A /* MapRawRepresentable.swift in Sources */,
				94F884CE201FBEAD00B8E2C1 /* BaseView.swift in Sources */,
				94F884CC201FBEAD00B8E2C1 /* ConcurrentProcess.swift in Sources */,
				94F884C8201FBEAD00B8E2C1 /* GUIInitializer.swift in Sources */,
				94B96665209C414D00A0419A /* Must.swift in Sources */,
				94F2BE59209DFF9400215759 /* HasNestedTypes.swift in Sources */,
				94F884CD201FBEAD00B8E2C1 /* GUIPage.swift in Sources */,
				94F884C9201FBEAD00B8E2C1 /* Injectable.swift in Sources */,
				94F2BE50209DC2B100215759 /* Utils+DebugStyling.swift in Sources */,
				94B96663209C413B00A0419A /* InlineConfigurable.swift in Sources */,
				94B9665D209C410800A0419A /* Proxy.swift in Sources */,
				94B96669209C417800A0419A /* BetterChaining.swift in Sources */,
				94B96661209C412E00A0419A /* BoolHelpers.swift in Sources */,
				949B4DCB2030BE5600075451 /* NestedType.swift in Sources */,
				94B9666B209C425D00A0419A /* Utils.swift in Sources */,
				94F2BE73209E390800215759 /* BaseViewCtr.swift in Sources */,
				94B9666D209C5A5700A0419A /* UIBarButtonItem+Helpers.swift in Sources */,
				94B9665F209C412500A0419A /* OptionalHelpers.swift in Sources */,
				94F2BE46209CE5BF00215759 /* ContainerView.swift in Sources */,
				94F2BE79209EE3F500215759 /* VisualComponent.swift in Sources */,
				94F884CA201FBEAD00B8E2C1 /* ServiceProvider.swift in Sources */,
				94F2BE45209CE5BF00215759 /* ViewPort.swift in Sources */,
				94F2BE48209DB92200215759 /* BaseCell.swift in Sources */,
				94F884C7201FBEAD00B8E2C1 /* WithReferenceToItself.swift in Sources */,
				94F2BE83209F456800215759 /* PromiseKit+Helpers.swift in Sources */,
				94F2BE7F209F3BBE00215759 /* Kingfisher+Helpers.swift in Sources */,
			);
			runOnlyForDeploymentPostprocessing = 0;
		};
/* End PBXSourcesBuildPhase section */

/* Begin XCBuildConfiguration section */
		28C0B9A5EB29FA12AEBE2B00 /* Release */ = {
			isa = XCBuildConfiguration;
			baseConfigurationReference = A1013A816A999A5D4AD842AF /* Pods-Fwk.release.xcconfig */;
			buildSettings = {
				ALWAYS_EMBED_SWIFT_STANDARD_LIBRARIES = "$(inherited)";
				CLANG_ENABLE_MODULES = YES;
				CURRENT_PROJECT_VERSION = 20;
				DEFINES_MODULE = YES;
				ENABLE_TESTABILITY = YES;
				INFOPLIST_FILE = Info/Fwk.plist;
				INSTALL_PATH = "$(LOCAL_LIBRARY_DIR)/Frameworks";
				LD_RUNPATH_SEARCH_PATHS = "$(inherited) @executable_path/Frameworks";
				PRODUCT_BUNDLE_IDENTIFIER = io.XCEssentials.Toolbox;
				PRODUCT_NAME = XCEToolbox;
				SDKROOT = iphoneos;
				SKIP_INSTALL = YES;
				SWIFT_VERSION = 4.0;
				TARGETED_DEVICE_FAMILY = "1,2";
				VERSIONING_SYSTEM = "apple-generic";
				VERSION_INFO_PREFIX = "";
			};
			name = Release;
		};
		7A554964CB53E986E1118B66 /* Debug */ = {
			isa = XCBuildConfiguration;
			buildSettings = {
				ALWAYS_SEARCH_USER_PATHS = NO;
				CLANG_ANALYZER_NONNULL = YES;
				CLANG_CXX_LANGUAGE_STANDARD = "gnu++0x";
				CLANG_CXX_LIBRARY = "libc++";
				CLANG_ENABLE_MODULES = YES;
				CLANG_ENABLE_OBJC_ARC = YES;
				CLANG_WARN_BLOCK_CAPTURE_AUTORELEASING = YES;
				CLANG_WARN_BOOL_CONVERSION = YES;
				CLANG_WARN_COMMA = YES;
				CLANG_WARN_CONSTANT_CONVERSION = YES;
				CLANG_WARN_DEPRECATED_OBJC_IMPLEMENTATIONS = YES;
				CLANG_WARN_DIRECT_OBJC_ISA_USAGE = YES_ERROR;
				CLANG_WARN_DOCUMENTATION_COMMENTS = YES;
				CLANG_WARN_EMPTY_BODY = YES;
				CLANG_WARN_ENUM_CONVERSION = YES;
				CLANG_WARN_INFINITE_RECURSION = YES;
				CLANG_WARN_INT_CONVERSION = YES;
				CLANG_WARN_NON_LITERAL_NULL_CONVERSION = YES;
				CLANG_WARN_OBJC_IMPLICIT_RETAIN_SELF = YES;
				CLANG_WARN_OBJC_LITERAL_CONVERSION = YES;
				CLANG_WARN_OBJC_ROOT_CLASS = YES_ERROR;
				CLANG_WARN_RANGE_LOOP_ANALYSIS = YES;
				CLANG_WARN_STRICT_PROTOTYPES = YES;
				CLANG_WARN_SUSPICIOUS_MOVE = YES;
				CLANG_WARN_SUSPICIOUS_MOVES = YES;
				CLANG_WARN_UNREACHABLE_CODE = YES;
				CLANG_WARN__DUPLICATE_METHOD_MATCH = YES;
				CODE_SIGN_IDENTITY = "-";
				"CODE_SIGN_IDENTITY[sdk=iphoneos*]" = "";
				COPY_PHASE_STRIP = NO;
				CURRENT_PROJECT_VERSION = 20;
				DEBUG_INFORMATION_FORMAT = dwarf;
				ENABLE_STRICT_OBJC_MSGSEND = YES;
				ENABLE_TESTABILITY = YES;
				GCC_C_LANGUAGE_STANDARD = gnu99;
				GCC_DYNAMIC_NO_PIC = NO;
				GCC_NO_COMMON_BLOCKS = YES;
				GCC_OPTIMIZATION_LEVEL = 0;
				GCC_PREPROCESSOR_DEFINITIONS = (
					"DEBUG=1",
					"$(inherited)",
				);
				GCC_WARN_64_TO_32_BIT_CONVERSION = YES;
				GCC_WARN_ABOUT_RETURN_TYPE = YES_ERROR;
				GCC_WARN_UNDECLARED_SELECTOR = YES;
				GCC_WARN_UNINITIALIZED_AUTOS = YES_AGGRESSIVE;
				GCC_WARN_UNUSED_FUNCTION = YES;
				GCC_WARN_UNUSED_VARIABLE = YES;
				IPHONEOS_DEPLOYMENT_TARGET = 10.0;
				MTL_ENABLE_DEBUG_INFO = YES;
				ONLY_ACTIVE_ARCH = YES;
				SWIFT_ACTIVE_COMPILATION_CONDITIONS = DEBUG;
				SWIFT_OPTIMIZATION_LEVEL = "-Onone";
				SWIFT_VERSION = 3.1;
				VERSIONING_SYSTEM = "apple-generic";
			};
			name = Debug;
		};
		82B39CBDAAB3854900FD572C /* Debug */ = {
			isa = XCBuildConfiguration;
			baseConfigurationReference = AF4A12F7B04616070BB1A10D /* Pods-Fwk.debug.xcconfig */;
			buildSettings = {
				ALWAYS_EMBED_SWIFT_STANDARD_LIBRARIES = "$(inherited)";
				CLANG_ENABLE_MODULES = YES;
				CURRENT_PROJECT_VERSION = 20;
				DEFINES_MODULE = YES;
				ENABLE_TESTABILITY = YES;
				INFOPLIST_FILE = Info/Fwk.plist;
				INSTALL_PATH = "$(LOCAL_LIBRARY_DIR)/Frameworks";
				LD_RUNPATH_SEARCH_PATHS = "$(inherited) @executable_path/Frameworks";
				MTL_ENABLE_DEBUG_INFO = true;
				PRODUCT_BUNDLE_IDENTIFIER = io.XCEssentials.Toolbox;
				PRODUCT_NAME = XCEToolbox;
				SDKROOT = iphoneos;
				SKIP_INSTALL = YES;
				SWIFT_OPTIMIZATION_LEVEL = "-Onone";
				SWIFT_VERSION = 4.0;
				TARGETED_DEVICE_FAMILY = "1,2";
				VERSIONING_SYSTEM = "apple-generic";
				VERSION_INFO_PREFIX = "";
			};
			name = Debug;
		};
		87A50B823014897C4AAB466B /* Release */ = {
			isa = XCBuildConfiguration;
			buildSettings = {
				ALWAYS_SEARCH_USER_PATHS = NO;
				CLANG_ANALYZER_NONNULL = YES;
				CLANG_CXX_LANGUAGE_STANDARD = "gnu++0x";
				CLANG_CXX_LIBRARY = "libc++";
				CLANG_ENABLE_MODULES = YES;
				CLANG_ENABLE_OBJC_ARC = YES;
				CLANG_WARN_BLOCK_CAPTURE_AUTORELEASING = YES;
				CLANG_WARN_BOOL_CONVERSION = YES;
				CLANG_WARN_COMMA = YES;
				CLANG_WARN_CONSTANT_CONVERSION = YES;
				CLANG_WARN_DEPRECATED_OBJC_IMPLEMENTATIONS = YES;
				CLANG_WARN_DIRECT_OBJC_ISA_USAGE = YES_ERROR;
				CLANG_WARN_DOCUMENTATION_COMMENTS = YES;
				CLANG_WARN_EMPTY_BODY = YES;
				CLANG_WARN_ENUM_CONVERSION = YES;
				CLANG_WARN_INFINITE_RECURSION = YES;
				CLANG_WARN_INT_CONVERSION = YES;
				CLANG_WARN_NON_LITERAL_NULL_CONVERSION = YES;
				CLANG_WARN_OBJC_IMPLICIT_RETAIN_SELF = YES;
				CLANG_WARN_OBJC_LITERAL_CONVERSION = YES;
				CLANG_WARN_OBJC_ROOT_CLASS = YES_ERROR;
				CLANG_WARN_RANGE_LOOP_ANALYSIS = YES;
				CLANG_WARN_STRICT_PROTOTYPES = YES;
				CLANG_WARN_SUSPICIOUS_MOVE = YES;
				CLANG_WARN_SUSPICIOUS_MOVES = YES;
				CLANG_WARN_UNREACHABLE_CODE = YES;
				CLANG_WARN__DUPLICATE_METHOD_MATCH = YES;
				CODE_SIGN_IDENTITY = "-";
				"CODE_SIGN_IDENTITY[sdk=iphoneos*]" = "";
				COPY_PHASE_STRIP = NO;
				CURRENT_PROJECT_VERSION = 20;
				DEBUG_INFORMATION_FORMAT = "dwarf-with-dsym";
				ENABLE_NS_ASSERTIONS = NO;
				ENABLE_STRICT_OBJC_MSGSEND = YES;
				GCC_C_LANGUAGE_STANDARD = gnu99;
				GCC_NO_COMMON_BLOCKS = YES;
				GCC_WARN_64_TO_32_BIT_CONVERSION = YES;
				GCC_WARN_ABOUT_RETURN_TYPE = YES_ERROR;
				GCC_WARN_UNDECLARED_SELECTOR = YES;
				GCC_WARN_UNINITIALIZED_AUTOS = YES_AGGRESSIVE;
				GCC_WARN_UNUSED_FUNCTION = YES;
				GCC_WARN_UNUSED_VARIABLE = YES;
				IPHONEOS_DEPLOYMENT_TARGET = 10.0;
				MTL_ENABLE_DEBUG_INFO = NO;
				SWIFT_OPTIMIZATION_LEVEL = "-Owholemodule";
				SWIFT_VERSION = 3.1;
				VALIDATE_PRODUCT = YES;
				VERSIONING_SYSTEM = "apple-generic";
			};
			name = Release;
		};
/* End XCBuildConfiguration section */

/* Begin XCConfigurationList section */
		217328F74A31F997A82F104D /* Build configuration list for PBXProject "Main" */ = {
			isa = XCConfigurationList;
			buildConfigurations = (
				7A554964CB53E986E1118B66 /* Debug */,
				87A50B823014897C4AAB466B /* Release */,
			);
			defaultConfigurationIsVisible = 0;
			defaultConfigurationName = Debug;
		};
		555724425D9502A3513678F6 /* Build configuration list for PBXNativeTarget "Fwk" */ = {
			isa = XCConfigurationList;
			buildConfigurations = (
				82B39CBDAAB3854900FD572C /* Debug */,
				28C0B9A5EB29FA12AEBE2B00 /* Release */,
			);
			defaultConfigurationIsVisible = 0;
			defaultConfigurationName = Release;
		};
/* End XCConfigurationList section */
	};
	rootObject = FDA38A91C134065BA5154A8A /* Project object */;
}
